
Microsoft Visual Studio Solution File, Format Version 12.00
# Visual Studio Version 16
VisualStudioVersion = 16.0.33214.272
MinimumVisualStudioVersion = 10.0.40219.1
Project("{FAE04EC0-301F-11D3-BF4B-00C04F79EFBC}") = "CST-150 Pet Class", "CST-150 Pet Class\CST-150 Pet Class.csproj", "{94ED4935-692F-4447-8358-89B785A02A2B}"
EndProject
Global
	GlobalSection(SolutionConfigurationPlatforms) = preSolution
		Debug|Any CPU = Debug|Any CPU
		Release|Any CPU = Release|Any CPU
	EndGlobalSection
	GlobalSection(ProjectConfigurationPlatforms) = postSolution
		{94ED4935-692F-4447-8358-89B785A02A2B}.Debug|Any CPU.ActiveCfg = Debug|Any CPU
		{94ED4935-692F-4447-8358-89B785A02A2B}.Debug|Any CPU.Build.0 = Debug|Any CPU
		{94ED4935-692F-4447-8358-89B785A02A2B}.Release|Any CPU.ActiveCfg = Release|Any CPU
		{94ED4935-692F-4447-8358-89B785A02A2B}.Release|Any CPU.Build.0 = Release|Any CPU
	EndGlobalSection
	GlobalSection(SolutionProperties) = preSolution
		HideSolutionNode = FALSE
	EndGlobalSection
	GlobalSection(ExtensibilityGlobals) = postSolution
		SolutionGuid = {FB8B62E0-4A43-456A-886D-236AADF8D9EC}
	EndGlobalSection
EndGlobal
