
Microsoft Visual Studio Solution File, Format Version 12.00
# Visual Studio Version 16
VisualStudioVersion = 16.0.33214.272
MinimumVisualStudioVersion = 10.0.40219.1
Project("{FAE04EC0-301F-11D3-BF4B-00C04F79EFBC}") = "CST-150 Methods", "CST-150 Methods\CST-150 Methods.csproj", "{7E1B1000-1A12-4371-863E-819173725EB6}"
EndProject
Global
	GlobalSection(SolutionConfigurationPlatforms) = preSolution
		Debug|Any CPU = Debug|Any CPU
		Release|Any CPU = Release|Any CPU
	EndGlobalSection
	GlobalSection(ProjectConfigurationPlatforms) = postSolution
		{7E1B1000-1A12-4371-863E-819173725EB6}.Debug|Any CPU.ActiveCfg = Debug|Any CPU
		{7E1B1000-1A12-4371-863E-819173725EB6}.Debug|Any CPU.Build.0 = Debug|Any CPU
		{7E1B1000-1A12-4371-863E-819173725EB6}.Release|Any CPU.ActiveCfg = Release|Any CPU
		{7E1B1000-1A12-4371-863E-819173725EB6}.Release|Any CPU.Build.0 = Release|Any CPU
	EndGlobalSection
	GlobalSection(SolutionProperties) = preSolution
		HideSolutionNode = FALSE
	EndGlobalSection
	GlobalSection(ExtensibilityGlobals) = postSolution
		SolutionGuid = {6DBF8BAE-9D34-4B52-A776-DA59E9D8ECB1}
	EndGlobalSection
EndGlobal
