
Microsoft Visual Studio Solution File, Format Version 12.00
# Visual Studio Version 16
VisualStudioVersion = 16.0.33214.272
MinimumVisualStudioVersion = 10.0.40219.1
Project("{FAE04EC0-301F-11D3-BF4B-00C04F79EFBC}") = "CST-150 Activity 3", "CST-150 Activity 3\CST-150 Activity 3.csproj", "{C0C93EE2-E0ED-4598-B534-E76FCF372FB1}"
EndProject
Global
	GlobalSection(SolutionConfigurationPlatforms) = preSolution
		Debug|Any CPU = Debug|Any CPU
		Release|Any CPU = Release|Any CPU
	EndGlobalSection
	GlobalSection(ProjectConfigurationPlatforms) = postSolution
		{C0C93EE2-E0ED-4598-B534-E76FCF372FB1}.Debug|Any CPU.ActiveCfg = Debug|Any CPU
		{C0C93EE2-E0ED-4598-B534-E76FCF372FB1}.Debug|Any CPU.Build.0 = Debug|Any CPU
		{C0C93EE2-E0ED-4598-B534-E76FCF372FB1}.Release|Any CPU.ActiveCfg = Release|Any CPU
		{C0C93EE2-E0ED-4598-B534-E76FCF372FB1}.Release|Any CPU.Build.0 = Release|Any CPU
	EndGlobalSection
	GlobalSection(SolutionProperties) = preSolution
		HideSolutionNode = FALSE
	EndGlobalSection
	GlobalSection(ExtensibilityGlobals) = postSolution
		SolutionGuid = {7489DFCF-08F3-4819-9594-5BEAC1A81F9A}
	EndGlobalSection
EndGlobal
