
Microsoft Visual Studio Solution File, Format Version 12.00
# Visual Studio Version 16
VisualStudioVersion = 16.0.33214.272
MinimumVisualStudioVersion = 10.0.40219.1
Project("{FAE04EC0-301F-11D3-BF4B-00C04F79EFBC}") = "CST-150 TicTacToe", "CST-150 TicTacToe\CST-150 TicTacToe.csproj", "{FE6A5C3B-F0EC-4AC4-849A-4A8ABBCC7237}"
EndProject
Global
	GlobalSection(SolutionConfigurationPlatforms) = preSolution
		Debug|Any CPU = Debug|Any CPU
		Release|Any CPU = Release|Any CPU
	EndGlobalSection
	GlobalSection(ProjectConfigurationPlatforms) = postSolution
		{FE6A5C3B-F0EC-4AC4-849A-4A8ABBCC7237}.Debug|Any CPU.ActiveCfg = Debug|Any CPU
		{FE6A5C3B-F0EC-4AC4-849A-4A8ABBCC7237}.Debug|Any CPU.Build.0 = Debug|Any CPU
		{FE6A5C3B-F0EC-4AC4-849A-4A8ABBCC7237}.Release|Any CPU.ActiveCfg = Release|Any CPU
		{FE6A5C3B-F0EC-4AC4-849A-4A8ABBCC7237}.Release|Any CPU.Build.0 = Release|Any CPU
	EndGlobalSection
	GlobalSection(SolutionProperties) = preSolution
		HideSolutionNode = FALSE
	EndGlobalSection
	GlobalSection(ExtensibilityGlobals) = postSolution
		SolutionGuid = {3EC7E54A-4B21-41C3-BA50-CE0BC291F593}
	EndGlobalSection
EndGlobal
